// !$*UTF8*$!
{
	archiveVersion = 1;
	classes = {
	};
	objectVersion = 48;
	objects = {

/* Begin PBXBuildFile section */
		C42D321021B3A0E4002E7F9E /* AppDelegate.swift in Sources */ = {isa = PBXBuildFile; fileRef = C4E7096221B3888200A58B97 /* AppDelegate.swift */; };
		C42D321221B3B41F002E7F9E /* ConfigViewController.swift in Sources */ = {isa = PBXBuildFile; fileRef = C42D321121B3B41F002E7F9E /* ConfigViewController.swift */; };
		C448578E21C2160000DFA446 /* GrabbedOrderCell.swift in Sources */ = {isa = PBXBuildFile; fileRef = C448578D21C2160000DFA446 /* GrabbedOrderCell.swift */; };
		C48FCF8521C2F4E50019E9C2 /* Order.swift in Sources */ = {isa = PBXBuildFile; fileRef = C48FCF8421C2F4E50019E9C2 /* Order.swift */; };
		C48FCFB921C6F5720019E9C2 /* NetworkManager.swift in Sources */ = {isa = PBXBuildFile; fileRef = C48FCFB821C6F5720019E9C2 /* NetworkManager.swift */; };
		C48FCFC821C902AA0019E9C2 /* script.js in Resources */ = {isa = PBXBuildFile; fileRef = C48FCFC721C902AA0019E9C2 /* script.js */; };
		C48FCFCA21CA25430019E9C2 /* Assets.xcassets in Resources */ = {isa = PBXBuildFile; fileRef = C48FCFC921CA25430019E9C2 /* Assets.xcassets */; };
		C48FCFCC21CEBA240019E9C2 /* MyOrderViewController.swift in Sources */ = {isa = PBXBuildFile; fileRef = C48FCFCB21CEBA240019E9C2 /* MyOrderViewController.swift */; };
		C4E7096521B3888200A58B97 /* GrabViewController.swift in Sources */ = {isa = PBXBuildFile; fileRef = C4E7096421B3888200A58B97 /* GrabViewController.swift */; };
		C4E7096721B3888200A58B97 /* ProcessingViewController.swift in Sources */ = {isa = PBXBuildFile; fileRef = C4E7096621B3888200A58B97 /* ProcessingViewController.swift */; };
		C4E7096A21B3888200A58B97 /* Main.storyboard in Resources */ = {isa = PBXBuildFile; fileRef = C4E7096821B3888200A58B97 /* Main.storyboard */; };
		C4E7096F21B3888200A58B97 /* LaunchScreen.storyboard in Resources */ = {isa = PBXBuildFile; fileRef = C4E7096D21B3888200A58B97 /* LaunchScreen.storyboard */; };
		C4E7097A21B3888200A58B97 /* custom_deliverTests.swift in Sources */ = {isa = PBXBuildFile; fileRef = C4E7097921B3888200A58B97 /* custom_deliverTests.swift */; };
		C4E7098521B3888200A58B97 /* custom_deliverUITests.swift in Sources */ = {isa = PBXBuildFile; fileRef = C4E7098421B3888200A58B97 /* custom_deliverUITests.swift */; };
		C4F3007021D2BA6C006427AE /* MapPopUpViewController.swift in Sources */ = {isa = PBXBuildFile; fileRef = C4F3006F21D2BA6C006427AE /* MapPopUpViewController.swift */; };
		C4F3007221D589F7006427AE /* TrackedOrderCell.swift in Sources */ = {isa = PBXBuildFile; fileRef = C4F3007121D589F7006427AE /* TrackedOrderCell.swift */; };
/* End PBXBuildFile section */

/* Begin PBXContainerItemProxy section */
		C4E7097621B3888200A58B97 /* PBXContainerItemProxy */ = {
			isa = PBXContainerItemProxy;
			containerPortal = C4E7095721B3888200A58B97 /* Project object */;
			proxyType = 1;
			remoteGlobalIDString = C4E7095E21B3888200A58B97;
			remoteInfo = custom_deliver;
		};
		C4E7098121B3888200A58B97 /* PBXContainerItemProxy */ = {
			isa = PBXContainerItemProxy;
			containerPortal = C4E7095721B3888200A58B97 /* Project object */;
			proxyType = 1;
			remoteGlobalIDString = C4E7095E21B3888200A58B97;
			remoteInfo = custom_deliver;
		};
/* End PBXContainerItemProxy section */

/* Begin PBXFileReference section */
		C42D321121B3B41F002E7F9E /* ConfigViewController.swift */ = {isa = PBXFileReference; lastKnownFileType = sourcecode.swift; path = ConfigViewController.swift; sourceTree = "<group>"; };
		C448578D21C2160000DFA446 /* GrabbedOrderCell.swift */ = {isa = PBXFileReference; lastKnownFileType = sourcecode.swift; path = GrabbedOrderCell.swift; sourceTree = "<group>"; };
		C48FCF8421C2F4E50019E9C2 /* Order.swift */ = {isa = PBXFileReference; lastKnownFileType = sourcecode.swift; path = Order.swift; sourceTree = "<group>"; };
		C48FCFB821C6F5720019E9C2 /* NetworkManager.swift */ = {isa = PBXFileReference; lastKnownFileType = sourcecode.swift; path = NetworkManager.swift; sourceTree = "<group>"; };
		C48FCFC721C902AA0019E9C2 /* script.js */ = {isa = PBXFileReference; fileEncoding = 4; lastKnownFileType = sourcecode.javascript; path = script.js; sourceTree = "<group>"; };
		C48FCFC921CA25430019E9C2 /* Assets.xcassets */ = {isa = PBXFileReference; lastKnownFileType = folder.assetcatalog; path = Assets.xcassets; sourceTree = "<group>"; };
		C48FCFCB21CEBA240019E9C2 /* MyOrderViewController.swift */ = {isa = PBXFileReference; lastKnownFileType = sourcecode.swift; path = MyOrderViewController.swift; sourceTree = "<group>"; };
		C4E7095F21B3888200A58B97 /* custom_deliver.app */ = {isa = PBXFileReference; explicitFileType = wrapper.application; includeInIndex = 0; path = custom_deliver.app; sourceTree = BUILT_PRODUCTS_DIR; };
		C4E7096221B3888200A58B97 /* AppDelegate.swift */ = {isa = PBXFileReference; lastKnownFileType = sourcecode.swift; path = AppDelegate.swift; sourceTree = "<group>"; };
		C4E7096421B3888200A58B97 /* GrabViewController.swift */ = {isa = PBXFileReference; lastKnownFileType = sourcecode.swift; path = GrabViewController.swift; sourceTree = "<group>"; };
		C4E7096621B3888200A58B97 /* ProcessingViewController.swift */ = {isa = PBXFileReference; lastKnownFileType = sourcecode.swift; path = ProcessingViewController.swift; sourceTree = "<group>"; };
		C4E7096921B3888200A58B97 /* Base */ = {isa = PBXFileReference; lastKnownFileType = file.storyboard; name = Base; path = Base.lproj/Main.storyboard; sourceTree = "<group>"; };
		C4E7096E21B3888200A58B97 /* Base */ = {isa = PBXFileReference; lastKnownFileType = file.storyboard; name = Base; path = Base.lproj/LaunchScreen.storyboard; sourceTree = "<group>"; };
		C4E7097021B3888200A58B97 /* Info.plist */ = {isa = PBXFileReference; lastKnownFileType = text.plist.xml; path = Info.plist; sourceTree = "<group>"; };
		C4E7097521B3888200A58B97 /* custom_deliverTests.xctest */ = {isa = PBXFileReference; explicitFileType = wrapper.cfbundle; includeInIndex = 0; path = custom_deliverTests.xctest; sourceTree = BUILT_PRODUCTS_DIR; };
		C4E7097921B3888200A58B97 /* custom_deliverTests.swift */ = {isa = PBXFileReference; lastKnownFileType = sourcecode.swift; path = custom_deliverTests.swift; sourceTree = "<group>"; };
		C4E7097B21B3888200A58B97 /* Info.plist */ = {isa = PBXFileReference; lastKnownFileType = text.plist.xml; path = Info.plist; sourceTree = "<group>"; };
		C4E7098021B3888200A58B97 /* custom_deliverUITests.xctest */ = {isa = PBXFileReference; explicitFileType = wrapper.cfbundle; includeInIndex = 0; path = custom_deliverUITests.xctest; sourceTree = BUILT_PRODUCTS_DIR; };
		C4E7098421B3888200A58B97 /* custom_deliverUITests.swift */ = {isa = PBXFileReference; lastKnownFileType = sourcecode.swift; path = custom_deliverUITests.swift; sourceTree = "<group>"; };
		C4E7098621B3888200A58B97 /* Info.plist */ = {isa = PBXFileReference; lastKnownFileType = text.plist.xml; path = Info.plist; sourceTree = "<group>"; };
		C4E7099321B3977200A58B97 /* en */ = {isa = PBXFileReference; lastKnownFileType = text.plist.strings; name = en; path = en.lproj/Main.strings; sourceTree = "<group>"; };
		C4F3006F21D2BA6C006427AE /* MapPopUpViewController.swift */ = {isa = PBXFileReference; lastKnownFileType = sourcecode.swift; path = MapPopUpViewController.swift; sourceTree = "<group>"; };
		C4F3007121D589F7006427AE /* TrackedOrderCell.swift */ = {isa = PBXFileReference; lastKnownFileType = sourcecode.swift; path = TrackedOrderCell.swift; sourceTree = "<group>"; };
/* End PBXFileReference section */

/* Begin PBXFrameworksBuildPhase section */
		C4E7095C21B3888200A58B97 /* Frameworks */ = {
			isa = PBXFrameworksBuildPhase;
			buildActionMask = 2147483647;
			files = (
			);
			runOnlyForDeploymentPostprocessing = 0;
		};
		C4E7097221B3888200A58B97 /* Frameworks */ = {
			isa = PBXFrameworksBuildPhase;
			buildActionMask = 2147483647;
			files = (
			);
			runOnlyForDeploymentPostprocessing = 0;
		};
		C4E7097D21B3888200A58B97 /* Frameworks */ = {
			isa = PBXFrameworksBuildPhase;
			buildActionMask = 2147483647;
			files = (
			);
			runOnlyForDeploymentPostprocessing = 0;
		};
/* End PBXFrameworksBuildPhase section */

/* Begin PBXGroup section */
		C4E7095621B3888200A58B97 = {
			isa = PBXGroup;
			children = (
				C4E7096121B3888200A58B97 /* custom_deliver */,
				C4E7097821B3888200A58B97 /* custom_deliverTests */,
				C4E7098321B3888200A58B97 /* custom_deliverUITests */,
				C4E7096021B3888200A58B97 /* Products */,
			);
			sourceTree = "<group>";
		};
		C4E7096021B3888200A58B97 /* Products */ = {
			isa = PBXGroup;
			children = (
				C4E7095F21B3888200A58B97 /* custom_deliver.app */,
				C4E7097521B3888200A58B97 /* custom_deliverTests.xctest */,
				C4E7098021B3888200A58B97 /* custom_deliverUITests.xctest */,
			);
			name = Products;
			sourceTree = "<group>";
		};
		C4E7096121B3888200A58B97 /* custom_deliver */ = {
			isa = PBXGroup;
			children = (
				C4E7096221B3888200A58B97 /* AppDelegate.swift */,
				C4E7096421B3888200A58B97 /* GrabViewController.swift */,
				C48FCFB821C6F5720019E9C2 /* NetworkManager.swift */,
				C48FCF8421C2F4E50019E9C2 /* Order.swift */,
				C42D321121B3B41F002E7F9E /* ConfigViewController.swift */,
				C4E7096621B3888200A58B97 /* ProcessingViewController.swift */,
				C48FCFC721C902AA0019E9C2 /* script.js */,
				C48FCFC921CA25430019E9C2 /* Assets.xcassets */,
				C4E7096821B3888200A58B97 /* Main.storyboard */,
				C4F3006F21D2BA6C006427AE /* MapPopUpViewController.swift */,
				C48FCFCB21CEBA240019E9C2 /* MyOrderViewController.swift */,
				C448578D21C2160000DFA446 /* GrabbedOrderCell.swift */,
				C4F3007121D589F7006427AE /* TrackedOrderCell.swift */,
				C4E7096D21B3888200A58B97 /* LaunchScreen.storyboard */,
				C4E7097021B3888200A58B97 /* Info.plist */,
			);
			path = custom_deliver;
			sourceTree = "<group>";
		};
		C4E7097821B3888200A58B97 /* custom_deliverTests */ = {
			isa = PBXGroup;
			children = (
				C4E7097921B3888200A58B97 /* custom_deliverTests.swift */,
				C4E7097B21B3888200A58B97 /* Info.plist */,
			);
			path = custom_deliverTests;
			sourceTree = "<group>";
		};
		C4E7098321B3888200A58B97 /* custom_deliverUITests */ = {
			isa = PBXGroup;
			children = (
				C4E7098421B3888200A58B97 /* custom_deliverUITests.swift */,
				C4E7098621B3888200A58B97 /* Info.plist */,
			);
			path = custom_deliverUITests;
			sourceTree = "<group>";
		};
/* End PBXGroup section */

/* Begin PBXNativeTarget section */
		C4E7095E21B3888200A58B97 /* custom_deliver */ = {
			isa = PBXNativeTarget;
			buildConfigurationList = C4E7098921B3888200A58B97 /* Build configuration list for PBXNativeTarget "custom_deliver" */;
			buildPhases = (
				C4E7095B21B3888200A58B97 /* Sources */,
				C4E7095C21B3888200A58B97 /* Frameworks */,
				C4E7095D21B3888200A58B97 /* Resources */,
			);
			buildRules = (
			);
			dependencies = (
			);
			name = custom_deliver;
			productName = custom_deliver;
			productReference = C4E7095F21B3888200A58B97 /* custom_deliver.app */;
			productType = "com.apple.product-type.application";
		};
		C4E7097421B3888200A58B97 /* custom_deliverTests */ = {
			isa = PBXNativeTarget;
			buildConfigurationList = C4E7098C21B3888200A58B97 /* Build configuration list for PBXNativeTarget "custom_deliverTests" */;
			buildPhases = (
				C4E7097121B3888200A58B97 /* Sources */,
				C4E7097221B3888200A58B97 /* Frameworks */,
				C4E7097321B3888200A58B97 /* Resources */,
			);
			buildRules = (
			);
			dependencies = (
				C4E7097721B3888200A58B97 /* PBXTargetDependency */,
			);
			name = custom_deliverTests;
			productName = custom_deliverTests;
			productReference = C4E7097521B3888200A58B97 /* custom_deliverTests.xctest */;
			productType = "com.apple.product-type.bundle.unit-test";
		};
		C4E7097F21B3888200A58B97 /* custom_deliverUITests */ = {
			isa = PBXNativeTarget;
			buildConfigurationList = C4E7098F21B3888200A58B97 /* Build configuration list for PBXNativeTarget "custom_deliverUITests" */;
			buildPhases = (
				C4E7097C21B3888200A58B97 /* Sources */,
				C4E7097D21B3888200A58B97 /* Frameworks */,
				C4E7097E21B3888200A58B97 /* Resources */,
			);
			buildRules = (
			);
			dependencies = (
				C4E7098221B3888200A58B97 /* PBXTargetDependency */,
			);
			name = custom_deliverUITests;
			productName = custom_deliverUITests;
			productReference = C4E7098021B3888200A58B97 /* custom_deliverUITests.xctest */;
			productType = "com.apple.product-type.bundle.ui-testing";
		};
/* End PBXNativeTarget section */

/* Begin PBXProject section */
		C4E7095721B3888200A58B97 /* Project object */ = {
			isa = PBXProject;
			attributes = {
				LastSwiftUpdateCheck = 0920;
				LastUpgradeCheck = 1010;
				ORGANIZATIONNAME = "S WEI";
				TargetAttributes = {
					C4E7095E21B3888200A58B97 = {
						CreatedOnToolsVersion = 9.2;
						LastSwiftMigration = 1010;
						ProvisioningStyle = Automatic;
						SystemCapabilities = {
							com.apple.BackgroundModes = {
								enabled = 1;
							};
						};
					};
					C4E7097421B3888200A58B97 = {
						CreatedOnToolsVersion = 9.2;
						LastSwiftMigration = 1010;
						ProvisioningStyle = Automatic;
						TestTargetID = C4E7095E21B3888200A58B97;
					};
					C4E7097F21B3888200A58B97 = {
						CreatedOnToolsVersion = 9.2;
						LastSwiftMigration = 1010;
						ProvisioningStyle = Automatic;
						TestTargetID = C4E7095E21B3888200A58B97;
					};
				};
			};
			buildConfigurationList = C4E7095A21B3888200A58B97 /* Build configuration list for PBXProject "custom_deliver" */;
			compatibilityVersion = "Xcode 8.0";
			developmentRegion = en;
			hasScannedForEncodings = 0;
			knownRegions = (
				en,
				Base,
			);
			mainGroup = C4E7095621B3888200A58B97;
			productRefGroup = C4E7096021B3888200A58B97 /* Products */;
			projectDirPath = "";
			projectRoot = "";
			targets = (
				C4E7095E21B3888200A58B97 /* custom_deliver */,
				C4E7097421B3888200A58B97 /* custom_deliverTests */,
				C4E7097F21B3888200A58B97 /* custom_deliverUITests */,
			);
		};
/* End PBXProject section */

/* Begin PBXResourcesBuildPhase section */
		C4E7095D21B3888200A58B97 /* Resources */ = {
			isa = PBXResourcesBuildPhase;
			buildActionMask = 2147483647;
			files = (
				C4E7096F21B3888200A58B97 /* LaunchScreen.storyboard in Resources */,
				C48FCFC821C902AA0019E9C2 /* script.js in Resources */,
				C48FCFCA21CA25430019E9C2 /* Assets.xcassets in Resources */,
				C4E7096A21B3888200A58B97 /* Main.storyboard in Resources */,
			);
			runOnlyForDeploymentPostprocessing = 0;
		};
		C4E7097321B3888200A58B97 /* Resources */ = {
			isa = PBXResourcesBuildPhase;
			buildActionMask = 2147483647;
			files = (
			);
			runOnlyForDeploymentPostprocessing = 0;
		};
		C4E7097E21B3888200A58B97 /* Resources */ = {
			isa = PBXResourcesBuildPhase;
			buildActionMask = 2147483647;
			files = (
			);
			runOnlyForDeploymentPostprocessing = 0;
		};
/* End PBXResourcesBuildPhase section */

/* Begin PBXSourcesBuildPhase section */
		C4E7095B21B3888200A58B97 /* Sources */ = {
			isa = PBXSourcesBuildPhase;
			buildActionMask = 2147483647;
			files = (
				C4F3007021D2BA6C006427AE /* MapPopUpViewController.swift in Sources */,
				C48FCF8521C2F4E50019E9C2 /* Order.swift in Sources */,
				C42D321021B3A0E4002E7F9E /* AppDelegate.swift in Sources */,
				C448578E21C2160000DFA446 /* GrabbedOrderCell.swift in Sources */,
				C48FCFB921C6F5720019E9C2 /* NetworkManager.swift in Sources */,
				C4F3007221D589F7006427AE /* TrackedOrderCell.swift in Sources */,
				C4E7096721B3888200A58B97 /* ProcessingViewController.swift in Sources */,
				C42D321221B3B41F002E7F9E /* ConfigViewController.swift in Sources */,
				C4E7096521B3888200A58B97 /* GrabViewController.swift in Sources */,
				C48FCFCC21CEBA240019E9C2 /* MyOrderViewController.swift in Sources */,
			);
			runOnlyForDeploymentPostprocessing = 0;
		};
		C4E7097121B3888200A58B97 /* Sources */ = {
			isa = PBXSourcesBuildPhase;
			buildActionMask = 2147483647;
			files = (
				C4E7097A21B3888200A58B97 /* custom_deliverTests.swift in Sources */,
			);
			runOnlyForDeploymentPostprocessing = 0;
		};
		C4E7097C21B3888200A58B97 /* Sources */ = {
			isa = PBXSourcesBuildPhase;
			buildActionMask = 2147483647;
			files = (
				C4E7098521B3888200A58B97 /* custom_deliverUITests.swift in Sources */,
			);
			runOnlyForDeploymentPostprocessing = 0;
		};
/* End PBXSourcesBuildPhase section */

/* Begin PBXTargetDependency section */
		C4E7097721B3888200A58B97 /* PBXTargetDependency */ = {
			isa = PBXTargetDependency;
			target = C4E7095E21B3888200A58B97 /* custom_deliver */;
			targetProxy = C4E7097621B3888200A58B97 /* PBXContainerItemProxy */;
		};
		C4E7098221B3888200A58B97 /* PBXTargetDependency */ = {
			isa = PBXTargetDependency;
			target = C4E7095E21B3888200A58B97 /* custom_deliver */;
			targetProxy = C4E7098121B3888200A58B97 /* PBXContainerItemProxy */;
		};
/* End PBXTargetDependency section */

/* Begin PBXVariantGroup section */
		C4E7096821B3888200A58B97 /* Main.storyboard */ = {
			isa = PBXVariantGroup;
			children = (
				C4E7096921B3888200A58B97 /* Base */,
				C4E7099321B3977200A58B97 /* en */,
			);
			name = Main.storyboard;
			sourceTree = "<group>";
		};
		C4E7096D21B3888200A58B97 /* LaunchScreen.storyboard */ = {
			isa = PBXVariantGroup;
			children = (
				C4E7096E21B3888200A58B97 /* Base */,
			);
			name = LaunchScreen.storyboard;
			sourceTree = "<group>";
		};
/* End PBXVariantGroup section */

/* Begin XCBuildConfiguration section */
		C4E7098721B3888200A58B97 /* Debug */ = {
			isa = XCBuildConfiguration;
			buildSettings = {
				ALWAYS_SEARCH_USER_PATHS = NO;
				CLANG_ANALYZER_NONNULL = YES;
				CLANG_ANALYZER_NUMBER_OBJECT_CONVERSION = YES_AGGRESSIVE;
				CLANG_CXX_LANGUAGE_STANDARD = "gnu++14";
				CLANG_CXX_LIBRARY = "libc++";
				CLANG_ENABLE_MODULES = YES;
				CLANG_ENABLE_OBJC_ARC = YES;
				CLANG_WARN_BLOCK_CAPTURE_AUTORELEASING = YES;
				CLANG_WARN_BOOL_CONVERSION = YES;
				CLANG_WARN_COMMA = YES;
				CLANG_WARN_CONSTANT_CONVERSION = YES;
				CLANG_WARN_DEPRECATED_OBJC_IMPLEMENTATIONS = YES;
				CLANG_WARN_DIRECT_OBJC_ISA_USAGE = YES_ERROR;
				CLANG_WARN_DOCUMENTATION_COMMENTS = YES;
				CLANG_WARN_EMPTY_BODY = YES;
				CLANG_WARN_ENUM_CONVERSION = YES;
				CLANG_WARN_INFINITE_RECURSION = YES;
				CLANG_WARN_INT_CONVERSION = YES;
				CLANG_WARN_NON_LITERAL_NULL_CONVERSION = YES;
				CLANG_WARN_OBJC_IMPLICIT_RETAIN_SELF = YES;
				CLANG_WARN_OBJC_LITERAL_CONVERSION = YES;
				CLANG_WARN_OBJC_ROOT_CLASS = YES_ERROR;
				CLANG_WARN_RANGE_LOOP_ANALYSIS = YES;
				CLANG_WARN_STRICT_PROTOTYPES = YES;
				CLANG_WARN_SUSPICIOUS_MOVE = YES;
				CLANG_WARN_UNGUARDED_AVAILABILITY = YES_AGGRESSIVE;
				CLANG_WARN_UNREACHABLE_CODE = YES;
				CLANG_WARN__DUPLICATE_METHOD_MATCH = YES;
				CODE_SIGN_IDENTITY = "iPhone Developer";
				COPY_PHASE_STRIP = NO;
				DEBUG_INFORMATION_FORMAT = dwarf;
				ENABLE_STRICT_OBJC_MSGSEND = YES;
				ENABLE_TESTABILITY = YES;
				GCC_C_LANGUAGE_STANDARD = gnu11;
				GCC_DYNAMIC_NO_PIC = NO;
				GCC_NO_COMMON_BLOCKS = YES;
				GCC_OPTIMIZATION_LEVEL = 0;
				GCC_PREPROCESSOR_DEFINITIONS = (
					"DEBUG=1",
					"$(inherited)",
				);
				GCC_WARN_64_TO_32_BIT_CONVERSION = YES;
				GCC_WARN_ABOUT_RETURN_TYPE = YES_ERROR;
				GCC_WARN_UNDECLARED_SELECTOR = YES;
				GCC_WARN_UNINITIALIZED_AUTOS = YES_AGGRESSIVE;
				GCC_WARN_UNUSED_FUNCTION = YES;
				GCC_WARN_UNUSED_VARIABLE = YES;
				IPHONEOS_DEPLOYMENT_TARGET = 11.2;
				MTL_ENABLE_DEBUG_INFO = YES;
				ONLY_ACTIVE_ARCH = YES;
				SDKROOT = iphoneos;
				SWIFT_ACTIVE_COMPILATION_CONDITIONS = DEBUG;
				SWIFT_OPTIMIZATION_LEVEL = "-Onone";
			};
			name = Debug;
		};
		C4E7098821B3888200A58B97 /* Release */ = {
			isa = XCBuildConfiguration;
			buildSettings = {
				ALWAYS_SEARCH_USER_PATHS = NO;
				CLANG_ANALYZER_NONNULL = YES;
				CLANG_ANALYZER_NUMBER_OBJECT_CONVERSION = YES_AGGRESSIVE;
				CLANG_CXX_LANGUAGE_STANDARD = "gnu++14";
				CLANG_CXX_LIBRARY = "libc++";
				CLANG_ENABLE_MODULES = YES;
				CLANG_ENABLE_OBJC_ARC = YES;
				CLANG_WARN_BLOCK_CAPTURE_AUTORELEASING = YES;
				CLANG_WARN_BOOL_CONVERSION = YES;
				CLANG_WARN_COMMA = YES;
				CLANG_WARN_CONSTANT_CONVERSION = YES;
				CLANG_WARN_DEPRECATED_OBJC_IMPLEMENTATIONS = YES;
				CLANG_WARN_DIRECT_OBJC_ISA_USAGE = YES_ERROR;
				CLANG_WARN_DOCUMENTATION_COMMENTS = YES;
				CLANG_WARN_EMPTY_BODY = YES;
				CLANG_WARN_ENUM_CONVERSION = YES;
				CLANG_WARN_INFINITE_RECURSION = YES;
				CLANG_WARN_INT_CONVERSION = YES;
				CLANG_WARN_NON_LITERAL_NULL_CONVERSION = YES;
				CLANG_WARN_OBJC_IMPLICIT_RETAIN_SELF = YES;
				CLANG_WARN_OBJC_LITERAL_CONVERSION = YES;
				CLANG_WARN_OBJC_ROOT_CLASS = YES_ERROR;
				CLANG_WARN_RANGE_LOOP_ANALYSIS = YES;
				CLANG_WARN_STRICT_PROTOTYPES = YES;
				CLANG_WARN_SUSPICIOUS_MOVE = YES;
				CLANG_WARN_UNGUARDED_AVAILABILITY = YES_AGGRESSIVE;
				CLANG_WARN_UNREACHABLE_CODE = YES;
				CLANG_WARN__DUPLICATE_METHOD_MATCH = YES;
				CODE_SIGN_IDENTITY = "iPhone Developer";
				COPY_PHASE_STRIP = NO;
				DEBUG_INFORMATION_FORMAT = "dwarf-with-dsym";
				ENABLE_NS_ASSERTIONS = NO;
				ENABLE_STRICT_OBJC_MSGSEND = YES;
				GCC_C_LANGUAGE_STANDARD = gnu11;
				GCC_NO_COMMON_BLOCKS = YES;
				GCC_WARN_64_TO_32_BIT_CONVERSION = YES;
				GCC_WARN_ABOUT_RETURN_TYPE = YES_ERROR;
				GCC_WARN_UNDECLARED_SELECTOR = YES;
				GCC_WARN_UNINITIALIZED_AUTOS = YES_AGGRESSIVE;
				GCC_WARN_UNUSED_FUNCTION = YES;
				GCC_WARN_UNUSED_VARIABLE = YES;
				IPHONEOS_DEPLOYMENT_TARGET = 11.2;
				MTL_ENABLE_DEBUG_INFO = NO;
				SDKROOT = iphoneos;
				SWIFT_OPTIMIZATION_LEVEL = "-Owholemodule";
				VALIDATE_PRODUCT = YES;
			};
			name = Release;
		};
		C4E7098A21B3888200A58B97 /* Debug */ = {
			isa = XCBuildConfiguration;
			buildSettings = {
				ASSETCATALOG_COMPILER_APPICON_NAME = AppIcon;
				CODE_SIGN_IDENTITY = "iPhone Developer";
				CODE_SIGN_STYLE = Automatic;
				DEVELOPMENT_TEAM = WLM5RHJ4Q4;
				INFOPLIST_FILE = custom_deliver/Info.plist;
				IPHONEOS_DEPLOYMENT_TARGET = 12.0;
				LD_RUNPATH_SEARCH_PATHS = "$(inherited) @executable_path/Frameworks";
				PRODUCT_BUNDLE_IDENTIFIER = TuttiCustomized;
				PRODUCT_NAME = "$(TARGET_NAME)";
				PROVISIONING_PROFILE_SPECIFIER = "";
				SWIFT_VERSION = 4.2;
				TARGETED_DEVICE_FAMILY = 1;
			};
			name = Debug;
		};
		C4E7098B21B3888200A58B97 /* Release */ = {
			isa = XCBuildConfiguration;
			buildSettings = {
				ASSETCATALOG_COMPILER_APPICON_NAME = AppIcon;
				CODE_SIGN_IDENTITY = "iPhone Developer";
				CODE_SIGN_STYLE = Automatic;
				DEVELOPMENT_TEAM = WLM5RHJ4Q4;
				INFOPLIST_FILE = custom_deliver/Info.plist;
				IPHONEOS_DEPLOYMENT_TARGET = 12.0;
				LD_RUNPATH_SEARCH_PATHS = "$(inherited) @executable_path/Frameworks";
				PRODUCT_BUNDLE_IDENTIFIER = TuttiCustomized;
				PRODUCT_NAME = "$(TARGET_NAME)";
				PROVISIONING_PROFILE_SPECIFIER = "";
				SWIFT_VERSION = 4.2;
				TARGETED_DEVICE_FAMILY = 1;
			};
			name = Release;
		};
		C4E7098D21B3888200A58B97 /* Debug */ = {
			isa = XCBuildConfiguration;
			buildSettings = {
				ALWAYS_EMBED_SWIFT_STANDARD_LIBRARIES = YES;
				BUNDLE_LOADER = "$(TEST_HOST)";
				CODE_SIGN_STYLE = Automatic;
				DEVELOPMENT_TEAM = KPMUQPK6SS;
				INFOPLIST_FILE = custom_deliverTests/Info.plist;
				LD_RUNPATH_SEARCH_PATHS = "$(inherited) @executable_path/Frameworks @loader_path/Frameworks";
				PRODUCT_BUNDLE_IDENTIFIER = "personal.tutti-clientTests";
				PRODUCT_NAME = "$(TARGET_NAME)";
				SWIFT_VERSION = 4.2;
				TARGETED_DEVICE_FAMILY = "1,2";
				TEST_HOST = "$(BUILT_PRODUCTS_DIR)/custom_deliver.app/custom_deliver";
			};
			name = Debug;
		};
		C4E7098E21B3888200A58B97 /* Release */ = {
			isa = XCBuildConfiguration;
			buildSettings = {
				ALWAYS_EMBED_SWIFT_STANDARD_LIBRARIES = YES;
				BUNDLE_LOADER = "$(TEST_HOST)";
				CODE_SIGN_STYLE = Automatic;
				DEVELOPMENT_TEAM = KPMUQPK6SS;
				INFOPLIST_FILE = custom_deliverTests/Info.plist;
				LD_RUNPATH_SEARCH_PATHS = "$(inherited) @executable_path/Frameworks @loader_path/Frameworks";
				PRODUCT_BUNDLE_IDENTIFIER = "personal.tutti-clientTests";
				PRODUCT_NAME = "$(TARGET_NAME)";
				SWIFT_VERSION = 4.2;
				TARGETED_DEVICE_FAMILY = "1,2";
				TEST_HOST = "$(BUILT_PRODUCTS_DIR)/custom_deliver.app/custom_deliver";
			};
			name = Release;
		};
		C4E7099021B3888200A58B97 /* Debug */ = {
			isa = XCBuildConfiguration;
			buildSettings = {
				ALWAYS_EMBED_SWIFT_STANDARD_LIBRARIES = YES;
				CODE_SIGN_STYLE = Automatic;
				DEVELOPMENT_TEAM = KPMUQPK6SS;
				INFOPLIST_FILE = custom_deliverUITests/Info.plist;
				LD_RUNPATH_SEARCH_PATHS = "$(inherited) @executable_path/Frameworks @loader_path/Frameworks";
				PRODUCT_BUNDLE_IDENTIFIER = "personal.tutti-clientUITests";
				PRODUCT_NAME = "$(TARGET_NAME)";
				SWIFT_VERSION = 4.2;
				TARGETED_DEVICE_FAMILY = "1,2";
				TEST_TARGET_NAME = custom_deliver;
			};
			name = Debug;
		};
		C4E7099121B3888200A58B97 /* Release */ = {
			isa = XCBuildConfiguration;
			buildSettings = {
				ALWAYS_EMBED_SWIFT_STANDARD_LIBRARIES = YES;
				CODE_SIGN_STYLE = Automatic;
				DEVELOPMENT_TEAM = KPMUQPK6SS;
				INFOPLIST_FILE = custom_deliverUITests/Info.plist;
				LD_RUNPATH_SEARCH_PATHS = "$(inherited) @executable_path/Frameworks @loader_path/Frameworks";
				PRODUCT_BUNDLE_IDENTIFIER = "personal.tutti-clientUITests";
				PRODUCT_NAME = "$(TARGET_NAME)";
				SWIFT_VERSION = 4.2;
				TARGETED_DEVICE_FAMILY = "1,2";
				TEST_TARGET_NAME = custom_deliver;
			};
			name = Release;
		};
/* End XCBuildConfiguration section */

/* Begin XCConfigurationList section */
		C4E7095A21B3888200A58B97 /* Build configuration list for PBXProject "custom_deliver" */ = {
			isa = XCConfigurationList;
			buildConfigurations = (
				C4E7098721B3888200A58B97 /* Debug */,
				C4E7098821B3888200A58B97 /* Release */,
			);
			defaultConfigurationIsVisible = 0;
			defaultConfigurationName = Release;
		};
		C4E7098921B3888200A58B97 /* Build configuration list for PBXNativeTarget "custom_deliver" */ = {
			isa = XCConfigurationList;
			buildConfigurations = (
				C4E7098A21B3888200A58B97 /* Debug */,
				C4E7098B21B3888200A58B97 /* Release */,
			);
			defaultConfigurationIsVisible = 0;
			defaultConfigurationName = Release;
		};
		C4E7098C21B3888200A58B97 /* Build configuration list for PBXNativeTarget "custom_deliverTests" */ = {
			isa = XCConfigurationList;
			buildConfigurations = (
				C4E7098D21B3888200A58B97 /* Debug */,
				C4E7098E21B3888200A58B97 /* Release */,
			);
			defaultConfigurationIsVisible = 0;
			defaultConfigurationName = Release;
		};
		C4E7098F21B3888200A58B97 /* Build configuration list for PBXNativeTarget "custom_deliverUITests" */ = {
			isa = XCConfigurationList;
			buildConfigurations = (
				C4E7099021B3888200A58B97 /* Debug */,
				C4E7099121B3888200A58B97 /* Release */,
			);
			defaultConfigurationIsVisible = 0;
			defaultConfigurationName = Release;
		};
/* End XCConfigurationList section */
	};
	rootObject = C4E7095721B3888200A58B97 /* Project object */;
}
